PODS:
  - OpenKuiklyIOSRender (2.7.0)
  - SDWebImage (5.21.5):
    - SDWebImage/Core (= 5.21.5)
  - SDWebImage/Core (5.21.5)
  - shared (1.0)

DEPENDENCIES:
  - OpenKuiklyIOSRender (~> 2.7.0)
  - SDWebImage
  - shared (from `../shared`)

SPEC REPOS:
  https://mirrors.tuna.tsinghua.edu.cn/git/CocoaPods/Specs.git:
    - OpenKuiklyIOSRender
    - SDWebImage

EXTERNAL SOURCES:
  shared:
    :path: "../shared"

SPEC CHECKSUMS:
  OpenKuiklyIOSRender: 2e6f7be3adae40f8167bb56a3e6803d1b18fd16e
  SDWebImage: e9c98383c7572d713c1a0d7dd2783b10599b9838
  shared: 45c4d5a3fe6bf89e105d0ff0f3587f64ad21dd48

PODFILE CHECKSUM: 0a8297f65b107067d8d3b188c7fec7a47b36f1c4

COCOAPODS: 1.16.2
